{
  "name": "node-import-module",
  "version": "0.1.0",
  "lockfileVersion": 1,
  "requires": true,
  "dependencies": {
    "@jsdevtools/file-path-filter": {
      "version": "3.0.0",
      "resolved": "https://registry.npmjs.org/@jsdevtools/file-path-filter/-/file-path-filter-3.0.0.tgz",
      "integrity": "sha512-JNtnixm+7/x5wo32j2d3XEaU3NITa1XD1nuYTCM0peSkB1AC0ziA7lRJ4o3CwpSlq1QUXgi2ymJLjWWw0PROgw==",
      "requires": {
        "glob-to-regexp": "^0.4.1"
      }
    },
    "@jsdevtools/readdir-enhanced": {
      "version": "6.0.0",
      "resolved": "https://registry.npmjs.org/@jsdevtools/readdir-enhanced/-/readdir-enhanced-6.0.0.tgz",
      "integrity": "sha512-JSlur5fJowfwbeGw0rtaRSHbqqiLDQ3n1/BLHkDH7KtqpmtouUj9H9hriccqYrbVuTfuDettBlpd7iE3TcWDaA==",
      "requires": {
        "@jsdevtools/file-path-filter": "^3.0.0"
      }
    },
    "glob-to-regexp": {
      "version": "0.4.1",
      "resolved": "https://registry.npmjs.org/glob-to-regexp/-/glob-to-regexp-0.4.1.tgz",
      "integrity": "sha512-lkX1HJXwyMcprw/5YUZc2s7DrpAiHB21/V+E1rHUrVNokkvB6bqMzT0VfV6/86ZNabt1k14YOIaT7nDvOX3Iiw=="
    },
    "readdir-enhanced": {
      "version": "6.0.0",
      "resolved": "https://registry.npmjs.org/readdir-enhanced/-/readdir-enhanced-6.0.0.tgz",
      "integrity": "sha512-z2YzLpJ2j5LAitLs7kYh7PJpA2QxLuob6fkxyFSpgBC3Pzve/gJGuJ5i6RFSbWbQqtcP4zFM/N4GrQCReylUfg==",
      "requires": {
        "@jsdevtools/readdir-enhanced": "6.0.0"
      }
    }
  }
}
